
Microsoft Visual Studio Solution File, Format Version 12.00
# Visual Studio Version 17
VisualStudioVersion = 17.5.33424.131
MinimumVisualStudioVersion = 10.0.40219.1
Project("{2150E333-8FDC-42A3-9474-1A3956D46DE8}") = "Init", "Init", "{9DC50285-238D-4EC4-9B19-3C54BBF017ED}"
EndProject
Project("{9A19103F-16F7-4668-BE54-9A1E7A4F7556}") = "Ex000_Demo", "Init\Ex000_Demo\Ex000_Demo.csproj", "{86705D96-BADD-416E-8319-2600B001F9CA}"
EndProject
Project("{9A19103F-16F7-4668-BE54-9A1E7A4F7556}") = "Ex001_StaticResource", "Init\Ex001_StaticResource\Ex001_StaticResource.csproj", "{40D0B532-B3B4-4198-9AAB-AD46CBF573C4}"
EndProject
Project("{9A19103F-16F7-4668-BE54-9A1E7A4F7556}") = "Ex002_ManyWindows", "Init\Ex002_ManyWindows\Ex002_ManyWindows.csproj", "{DDE264E9-3591-4E97-8851-1C5FED257C5C}"
EndProject
Project("{9A19103F-16F7-4668-BE54-9A1E7A4F7556}") = "Ex003_ApplicationResources", "Init\Ex003_ApplicationResources\Ex003_ApplicationResources.csproj", "{B0784244-8707-4940-9395-E48C7B8AF494}"
EndProject
Project("{9A19103F-16F7-4668-BE54-9A1E7A4F7556}") = "Ex004_DataTemplate", "Init\Ex004_DataTemplate\Ex004_DataTemplate.csproj", "{2245EF2D-91B1-448D-B052-7A61650B6008}"
EndProject
Project("{9A19103F-16F7-4668-BE54-9A1E7A4F7556}") = "Ex005_DataBinding", "Init\Ex005_DataBinding\Ex005_DataBinding.csproj", "{4CB9B573-57D1-4502-82A7-4C2B551A0838}"
EndProject
Project("{9A19103F-16F7-4668-BE54-9A1E7A4F7556}") = "Ex006_INotifyPropertyChanged", "Init\Ex006_INotifyPropertyChanged\Ex006_INotifyPropertyChanged.csproj", "{C9751185-E91A-489D-9CD6-A1D7B6136C62}"
EndProject
Project("{9A19103F-16F7-4668-BE54-9A1E7A4F7556}") = "Ex007_Converter", "Init\Ex007_Converter\Ex007_Converter.csproj", "{B9AFD2F7-8228-41FE-ADA3-9026B49A55A7}"
EndProject
Project("{9A19103F-16F7-4668-BE54-9A1E7A4F7556}") = "Ex008_SimpleBook", "Init\Ex008_SimpleBook\Ex008_SimpleBook.csproj", "{F9461810-534C-4B64-81E2-AE0089FD13F7}"
EndProject
Project("{FAE04EC0-301F-11D3-BF4B-00C04F79EFBC}") = "Ex009_SimpleMvvm", "Init\Ex009_SimpleMvvm\Ex009_SimpleMvvm.csproj", "{B7103AFE-7906-4BAD-B923-3D0B3947767D}"
EndProject
Global
	GlobalSection(SolutionConfigurationPlatforms) = preSolution
		Debug|Any CPU = Debug|Any CPU
		Release|Any CPU = Release|Any CPU
	EndGlobalSection
	GlobalSection(ProjectConfigurationPlatforms) = postSolution
		{86705D96-BADD-416E-8319-2600B001F9CA}.Debug|Any CPU.ActiveCfg = Debug|Any CPU
		{86705D96-BADD-416E-8319-2600B001F9CA}.Debug|Any CPU.Build.0 = Debug|Any CPU
		{86705D96-BADD-416E-8319-2600B001F9CA}.Release|Any CPU.ActiveCfg = Release|Any CPU
		{86705D96-BADD-416E-8319-2600B001F9CA}.Release|Any CPU.Build.0 = Release|Any CPU
		{40D0B532-B3B4-4198-9AAB-AD46CBF573C4}.Debug|Any CPU.ActiveCfg = Debug|Any CPU
		{40D0B532-B3B4-4198-9AAB-AD46CBF573C4}.Debug|Any CPU.Build.0 = Debug|Any CPU
		{40D0B532-B3B4-4198-9AAB-AD46CBF573C4}.Release|Any CPU.ActiveCfg = Release|Any CPU
		{40D0B532-B3B4-4198-9AAB-AD46CBF573C4}.Release|Any CPU.Build.0 = Release|Any CPU
		{DDE264E9-3591-4E97-8851-1C5FED257C5C}.Debug|Any CPU.ActiveCfg = Debug|Any CPU
		{DDE264E9-3591-4E97-8851-1C5FED257C5C}.Debug|Any CPU.Build.0 = Debug|Any CPU
		{DDE264E9-3591-4E97-8851-1C5FED257C5C}.Release|Any CPU.ActiveCfg = Release|Any CPU
		{DDE264E9-3591-4E97-8851-1C5FED257C5C}.Release|Any CPU.Build.0 = Release|Any CPU
		{B0784244-8707-4940-9395-E48C7B8AF494}.Debug|Any CPU.ActiveCfg = Debug|Any CPU
		{B0784244-8707-4940-9395-E48C7B8AF494}.Debug|Any CPU.Build.0 = Debug|Any CPU
		{B0784244-8707-4940-9395-E48C7B8AF494}.Release|Any CPU.ActiveCfg = Release|Any CPU
		{B0784244-8707-4940-9395-E48C7B8AF494}.Release|Any CPU.Build.0 = Release|Any CPU
		{2245EF2D-91B1-448D-B052-7A61650B6008}.Debug|Any CPU.ActiveCfg = Debug|Any CPU
		{2245EF2D-91B1-448D-B052-7A61650B6008}.Debug|Any CPU.Build.0 = Debug|Any CPU
		{2245EF2D-91B1-448D-B052-7A61650B6008}.Release|Any CPU.ActiveCfg = Release|Any CPU
		{2245EF2D-91B1-448D-B052-7A61650B6008}.Release|Any CPU.Build.0 = Release|Any CPU
		{4CB9B573-57D1-4502-82A7-4C2B551A0838}.Debug|Any CPU.ActiveCfg = Debug|Any CPU
		{4CB9B573-57D1-4502-82A7-4C2B551A0838}.Debug|Any CPU.Build.0 = Debug|Any CPU
		{4CB9B573-57D1-4502-82A7-4C2B551A0838}.Release|Any CPU.ActiveCfg = Release|Any CPU
		{4CB9B573-57D1-4502-82A7-4C2B551A0838}.Release|Any CPU.Build.0 = Release|Any CPU
		{C9751185-E91A-489D-9CD6-A1D7B6136C62}.Debug|Any CPU.ActiveCfg = Debug|Any CPU
		{C9751185-E91A-489D-9CD6-A1D7B6136C62}.Debug|Any CPU.Build.0 = Debug|Any CPU
		{C9751185-E91A-489D-9CD6-A1D7B6136C62}.Release|Any CPU.ActiveCfg = Release|Any CPU
		{C9751185-E91A-489D-9CD6-A1D7B6136C62}.Release|Any CPU.Build.0 = Release|Any CPU
		{B9AFD2F7-8228-41FE-ADA3-9026B49A55A7}.Debug|Any CPU.ActiveCfg = Debug|Any CPU
		{B9AFD2F7-8228-41FE-ADA3-9026B49A55A7}.Debug|Any CPU.Build.0 = Debug|Any CPU
		{B9AFD2F7-8228-41FE-ADA3-9026B49A55A7}.Release|Any CPU.ActiveCfg = Release|Any CPU
		{B9AFD2F7-8228-41FE-ADA3-9026B49A55A7}.Release|Any CPU.Build.0 = Release|Any CPU
		{F9461810-534C-4B64-81E2-AE0089FD13F7}.Debug|Any CPU.ActiveCfg = Debug|Any CPU
		{F9461810-534C-4B64-81E2-AE0089FD13F7}.Debug|Any CPU.Build.0 = Debug|Any CPU
		{F9461810-534C-4B64-81E2-AE0089FD13F7}.Release|Any CPU.ActiveCfg = Release|Any CPU
		{F9461810-534C-4B64-81E2-AE0089FD13F7}.Release|Any CPU.Build.0 = Release|Any CPU
		{B7103AFE-7906-4BAD-B923-3D0B3947767D}.Debug|Any CPU.ActiveCfg = Debug|Any CPU
		{B7103AFE-7906-4BAD-B923-3D0B3947767D}.Debug|Any CPU.Build.0 = Debug|Any CPU
		{B7103AFE-7906-4BAD-B923-3D0B3947767D}.Release|Any CPU.ActiveCfg = Release|Any CPU
		{B7103AFE-7906-4BAD-B923-3D0B3947767D}.Release|Any CPU.Build.0 = Release|Any CPU
	EndGlobalSection
	GlobalSection(SolutionProperties) = preSolution
		HideSolutionNode = FALSE
	EndGlobalSection
	GlobalSection(NestedProjects) = preSolution
		{86705D96-BADD-416E-8319-2600B001F9CA} = {9DC50285-238D-4EC4-9B19-3C54BBF017ED}
		{40D0B532-B3B4-4198-9AAB-AD46CBF573C4} = {9DC50285-238D-4EC4-9B19-3C54BBF017ED}
		{DDE264E9-3591-4E97-8851-1C5FED257C5C} = {9DC50285-238D-4EC4-9B19-3C54BBF017ED}
		{B0784244-8707-4940-9395-E48C7B8AF494} = {9DC50285-238D-4EC4-9B19-3C54BBF017ED}
		{2245EF2D-91B1-448D-B052-7A61650B6008} = {9DC50285-238D-4EC4-9B19-3C54BBF017ED}
		{4CB9B573-57D1-4502-82A7-4C2B551A0838} = {9DC50285-238D-4EC4-9B19-3C54BBF017ED}
		{C9751185-E91A-489D-9CD6-A1D7B6136C62} = {9DC50285-238D-4EC4-9B19-3C54BBF017ED}
		{B9AFD2F7-8228-41FE-ADA3-9026B49A55A7} = {9DC50285-238D-4EC4-9B19-3C54BBF017ED}
		{F9461810-534C-4B64-81E2-AE0089FD13F7} = {9DC50285-238D-4EC4-9B19-3C54BBF017ED}
		{B7103AFE-7906-4BAD-B923-3D0B3947767D} = {9DC50285-238D-4EC4-9B19-3C54BBF017ED}
	EndGlobalSection
	GlobalSection(ExtensibilityGlobals) = postSolution
		SolutionGuid = {FA0BE99A-4072-41E1-AE88-5D77DBF25293}
	EndGlobalSection
EndGlobal
